
Microsoft Visual Studio Solution File, Format Version 12.00
# Visual Studio Version 17
VisualStudioVersion = 17.9.34728.123
MinimumVisualStudioVersion = 10.0.40219.1
Project("{FAE04EC0-301F-11D3-BF4B-00C04F79EFBC}") = "Form-Submission-Task", "Form-Submission-Task.csproj", "{16BB4EF2-BF37-4A22-89B7-36039AA47454}"
EndProject
Global
	GlobalSection(SolutionConfigurationPlatforms) = preSolution
		Debug|Any CPU = Debug|Any CPU
		Release|Any CPU = Release|Any CPU
	EndGlobalSection
	GlobalSection(ProjectConfigurationPlatforms) = postSolution
		{16BB4EF2-BF37-4A22-89B7-36039AA47454}.Debug|Any CPU.ActiveCfg = Debug|Any CPU
		{16BB4EF2-BF37-4A22-89B7-36039AA47454}.Debug|Any CPU.Build.0 = Debug|Any CPU
		{16BB4EF2-BF37-4A22-89B7-36039AA47454}.Release|Any CPU.ActiveCfg = Release|Any CPU
		{16BB4EF2-BF37-4A22-89B7-36039AA47454}.Release|Any CPU.Build.0 = Release|Any CPU
	EndGlobalSection
	GlobalSection(SolutionProperties) = preSolution
		HideSolutionNode = FALSE
	EndGlobalSection
	GlobalSection(ExtensibilityGlobals) = postSolution
		SolutionGuid = {E4568C8E-FCF5-4F21-9ADC-FB180BBFE513}
	EndGlobalSection
EndGlobal
